
Microsoft Visual Studio Solution File, Format Version 12.00
# Visual Studio 15
VisualStudioVersion = 15.0.27130.2010
MinimumVisualStudioVersion = 10.0.40219.1
Project("{FAE04EC0-301F-11D3-BF4B-00C04F79EFBC}") = "EDiary", "EDiary\EDiary.csproj", "{92D5ED1A-E779-474F-AC3B-CD39FA156FDC}"
EndProject
Global
	GlobalSection(SolutionConfigurationPlatforms) = preSolution
		Debug|Any CPU = Debug|Any CPU
		Release|Any CPU = Release|Any CPU
	EndGlobalSection
	GlobalSection(ProjectConfigurationPlatforms) = postSolution
		{92D5ED1A-E779-474F-AC3B-CD39FA156FDC}.Debug|Any CPU.ActiveCfg = Debug|Any CPU
		{92D5ED1A-E779-474F-AC3B-CD39FA156FDC}.Debug|Any CPU.Build.0 = Debug|Any CPU
		{92D5ED1A-E779-474F-AC3B-CD39FA156FDC}.Release|Any CPU.ActiveCfg = Release|Any CPU
		{92D5ED1A-E779-474F-AC3B-CD39FA156FDC}.Release|Any CPU.Build.0 = Release|Any CPU
	EndGlobalSection
	GlobalSection(SolutionProperties) = preSolution
		HideSolutionNode = FALSE
	EndGlobalSection
	GlobalSection(ExtensibilityGlobals) = postSolution
		SolutionGuid = {C636A0C1-2D3B-4ABA-8AAA-28BA6B9BD809}
	EndGlobalSection
EndGlobal
